
Microsoft Visual Studio Solution File, Format Version 12.00
# Visual Studio Version 17
VisualStudioVersion = 17.9.34728.123
MinimumVisualStudioVersion = 10.0.40219.1
Project("{9A19103F-16F7-4668-BE54-9A1E7A4F7556}") = "01.List", "01.List.csproj", "{C1941824-2DC8-44B5-80FB-20B48AFA4249}"
EndProject
Project("{9A19103F-16F7-4668-BE54-9A1E7A4F7556}") = "02.Stack", "..\02.Stack\02.Stack.csproj", "{DBAA0662-DB15-472C-9E6F-E4559D59AB39}"
EndProject
Project("{9A19103F-16F7-4668-BE54-9A1E7A4F7556}") = "03.Queue", "..\03.Queue\03.Queue.csproj", "{93228557-9646-4F05-8E5F-CB193621A80A}"
EndProject
Project("{FAE04EC0-301F-11D3-BF4B-00C04F79EFBC}") = "04.SinglyLinkedList", "..\04.SinglyLinkedList\04.SinglyLinkedList.csproj", "{EA29B9B2-48E9-48AF-BA5A-0A71953D9201}"
EndProject
Global
	GlobalSection(SolutionConfigurationPlatforms) = preSolution
		Debug|Any CPU = Debug|Any CPU
		Release|Any CPU = Release|Any CPU
	EndGlobalSection
	GlobalSection(ProjectConfigurationPlatforms) = postSolution
		{C1941824-2DC8-44B5-80FB-20B48AFA4249}.Debug|Any CPU.ActiveCfg = Debug|Any CPU
		{C1941824-2DC8-44B5-80FB-20B48AFA4249}.Debug|Any CPU.Build.0 = Debug|Any CPU
		{C1941824-2DC8-44B5-80FB-20B48AFA4249}.Release|Any CPU.ActiveCfg = Release|Any CPU
		{C1941824-2DC8-44B5-80FB-20B48AFA4249}.Release|Any CPU.Build.0 = Release|Any CPU
		{DBAA0662-DB15-472C-9E6F-E4559D59AB39}.Debug|Any CPU.ActiveCfg = Debug|Any CPU
		{DBAA0662-DB15-472C-9E6F-E4559D59AB39}.Debug|Any CPU.Build.0 = Debug|Any CPU
		{DBAA0662-DB15-472C-9E6F-E4559D59AB39}.Release|Any CPU.ActiveCfg = Release|Any CPU
		{DBAA0662-DB15-472C-9E6F-E4559D59AB39}.Release|Any CPU.Build.0 = Release|Any CPU
		{93228557-9646-4F05-8E5F-CB193621A80A}.Debug|Any CPU.ActiveCfg = Debug|Any CPU
		{93228557-9646-4F05-8E5F-CB193621A80A}.Debug|Any CPU.Build.0 = Debug|Any CPU
		{93228557-9646-4F05-8E5F-CB193621A80A}.Release|Any CPU.ActiveCfg = Release|Any CPU
		{93228557-9646-4F05-8E5F-CB193621A80A}.Release|Any CPU.Build.0 = Release|Any CPU
		{EA29B9B2-48E9-48AF-BA5A-0A71953D9201}.Debug|Any CPU.ActiveCfg = Debug|Any CPU
		{EA29B9B2-48E9-48AF-BA5A-0A71953D9201}.Debug|Any CPU.Build.0 = Debug|Any CPU
		{EA29B9B2-48E9-48AF-BA5A-0A71953D9201}.Release|Any CPU.ActiveCfg = Release|Any CPU
		{EA29B9B2-48E9-48AF-BA5A-0A71953D9201}.Release|Any CPU.Build.0 = Release|Any CPU
	EndGlobalSection
	GlobalSection(SolutionProperties) = preSolution
		HideSolutionNode = FALSE
	EndGlobalSection
	GlobalSection(ExtensibilityGlobals) = postSolution
		SolutionGuid = {E87E9D4F-14F9-41D9-98B6-380AE6D46128}
	EndGlobalSection
EndGlobal
